
Microsoft Visual Studio Solution File, Format Version 12.00
# Visual Studio Version 16
VisualStudioVersion = 16.0.28803.352
MinimumVisualStudioVersion = 10.0.40219.1
Project("{FAE04EC0-301F-11D3-BF4B-00C04F79EFBC}") = "EmployeeManagement", "EmployeeManagement\EmployeeManagement.csproj", "{4CF55E53-5E88-4C54-8B77-FE60FA9F3C34}"
EndProject
Global
	GlobalSection(SolutionConfigurationPlatforms) = preSolution
		Debug|Any CPU = Debug|Any CPU
		Release|Any CPU = Release|Any CPU
	EndGlobalSection
	GlobalSection(ProjectConfigurationPlatforms) = postSolution
		{4CF55E53-5E88-4C54-8B77-FE60FA9F3C34}.Debug|Any CPU.ActiveCfg = Debug|Any CPU
		{4CF55E53-5E88-4C54-8B77-FE60FA9F3C34}.Debug|Any CPU.Build.0 = Debug|Any CPU
		{4CF55E53-5E88-4C54-8B77-FE60FA9F3C34}.Release|Any CPU.ActiveCfg = Release|Any CPU
		{4CF55E53-5E88-4C54-8B77-FE60FA9F3C34}.Release|Any CPU.Build.0 = Release|Any CPU
	EndGlobalSection
	GlobalSection(SolutionProperties) = preSolution
		HideSolutionNode = FALSE
	EndGlobalSection
	GlobalSection(ExtensibilityGlobals) = postSolution
		SolutionGuid = {E0FFFA6B-F8AE-4851-A435-4197AD0DCDF4}
	EndGlobalSection
EndGlobal
